
Microsoft Visual Studio Solution File, Format Version 12.00
# Visual Studio 15
VisualStudioVersion = 15.0.26228.10
MinimumVisualStudioVersion = 10.0.40219.1
Project("{2150E333-8FDC-42A3-9474-1A3956D46DE8}") = "src", "src", "{9CE1C129-4CC6-4216-BA19-84184D5B6382}"
EndProject
Project("{2150E333-8FDC-42A3-9474-1A3956D46DE8}") = "test", "test", "{F7F6893C-0210-48E6-A232-C60D317971D7}"
EndProject
Project("{9A19103F-16F7-4668-BE54-9A1E7A4F7556}") = "UserService.WEB", "src\UserService.WEB\UserService.WEB.csproj", "{CF662C89-8E0B-47E5-BF21-8CDEF2377C9A}"
EndProject
Project("{9A19103F-16F7-4668-BE54-9A1E7A4F7556}") = "UserService.DAL", "src\UserService.DAL\UserService.DAL.csproj", "{29218E30-B94D-43C5-9863-A761766906FD}"
EndProject
Project("{9A19103F-16F7-4668-BE54-9A1E7A4F7556}") = "UserService.BLL", "src\UserService.BLL\UserService.BLL.csproj", "{26BEA59B-51B3-4381-B6F3-1636E0ED5E31}"
EndProject
Project("{9A19103F-16F7-4668-BE54-9A1E7A4F7556}") = "UserService.Core", "src\UserService.Core\UserService.Core.csproj", "{E18B72EB-DA0E-4977-84F3-0234F78DF9A5}"
EndProject
Project("{9A19103F-16F7-4668-BE54-9A1E7A4F7556}") = "UserService.BLL.Tests", "test\UserService.BLL.Tests\UserService.BLL.Tests.csproj", "{D851D1C4-A713-48EA-972D-04A04981D926}"
EndProject
Project("{9A19103F-16F7-4668-BE54-9A1E7A4F7556}") = "UserService.WEB.Tests", "test\UserService.WEB.Tests\UserService.WEB.Tests.csproj", "{2EB2ED0A-51EA-462E-B2DA-7432FEF88401}"
EndProject
Project("{9A19103F-16F7-4668-BE54-9A1E7A4F7556}") = "UserService.IntegrationTests", "test\UserService.IntegrationTests\UserService.IntegrationTests.csproj", "{31CD6886-55D5-4BC9-BAEC-880F1C8FC847}"
EndProject
Project("{9A19103F-16F7-4668-BE54-9A1E7A4F7556}") = "UserService.Tests.Core", "test\UserService.Tests.Core\UserService.Tests.Core.csproj", "{EAAF1EC8-615E-4B36-A73B-1E67C5388D28}"
EndProject
Global
	GlobalSection(SolutionConfigurationPlatforms) = preSolution
		Debug|Any CPU = Debug|Any CPU
		Release|Any CPU = Release|Any CPU
	EndGlobalSection
	GlobalSection(ProjectConfigurationPlatforms) = postSolution
		{CF662C89-8E0B-47E5-BF21-8CDEF2377C9A}.Debug|Any CPU.ActiveCfg = Debug|Any CPU
		{CF662C89-8E0B-47E5-BF21-8CDEF2377C9A}.Debug|Any CPU.Build.0 = Debug|Any CPU
		{CF662C89-8E0B-47E5-BF21-8CDEF2377C9A}.Release|Any CPU.ActiveCfg = Release|Any CPU
		{CF662C89-8E0B-47E5-BF21-8CDEF2377C9A}.Release|Any CPU.Build.0 = Release|Any CPU
		{29218E30-B94D-43C5-9863-A761766906FD}.Debug|Any CPU.ActiveCfg = Debug|Any CPU
		{29218E30-B94D-43C5-9863-A761766906FD}.Debug|Any CPU.Build.0 = Debug|Any CPU
		{29218E30-B94D-43C5-9863-A761766906FD}.Release|Any CPU.ActiveCfg = Release|Any CPU
		{29218E30-B94D-43C5-9863-A761766906FD}.Release|Any CPU.Build.0 = Release|Any CPU
		{26BEA59B-51B3-4381-B6F3-1636E0ED5E31}.Debug|Any CPU.ActiveCfg = Debug|Any CPU
		{26BEA59B-51B3-4381-B6F3-1636E0ED5E31}.Debug|Any CPU.Build.0 = Debug|Any CPU
		{26BEA59B-51B3-4381-B6F3-1636E0ED5E31}.Release|Any CPU.ActiveCfg = Release|Any CPU
		{26BEA59B-51B3-4381-B6F3-1636E0ED5E31}.Release|Any CPU.Build.0 = Release|Any CPU
		{E18B72EB-DA0E-4977-84F3-0234F78DF9A5}.Debug|Any CPU.ActiveCfg = Debug|Any CPU
		{E18B72EB-DA0E-4977-84F3-0234F78DF9A5}.Debug|Any CPU.Build.0 = Debug|Any CPU
		{E18B72EB-DA0E-4977-84F3-0234F78DF9A5}.Release|Any CPU.ActiveCfg = Release|Any CPU
		{E18B72EB-DA0E-4977-84F3-0234F78DF9A5}.Release|Any CPU.Build.0 = Release|Any CPU
		{D851D1C4-A713-48EA-972D-04A04981D926}.Debug|Any CPU.ActiveCfg = Debug|Any CPU
		{D851D1C4-A713-48EA-972D-04A04981D926}.Debug|Any CPU.Build.0 = Debug|Any CPU
		{D851D1C4-A713-48EA-972D-04A04981D926}.Release|Any CPU.ActiveCfg = Release|Any CPU
		{D851D1C4-A713-48EA-972D-04A04981D926}.Release|Any CPU.Build.0 = Release|Any CPU
		{2EB2ED0A-51EA-462E-B2DA-7432FEF88401}.Debug|Any CPU.ActiveCfg = Debug|Any CPU
		{2EB2ED0A-51EA-462E-B2DA-7432FEF88401}.Debug|Any CPU.Build.0 = Debug|Any CPU
		{2EB2ED0A-51EA-462E-B2DA-7432FEF88401}.Release|Any CPU.ActiveCfg = Release|Any CPU
		{2EB2ED0A-51EA-462E-B2DA-7432FEF88401}.Release|Any CPU.Build.0 = Release|Any CPU
		{31CD6886-55D5-4BC9-BAEC-880F1C8FC847}.Debug|Any CPU.ActiveCfg = Debug|Any CPU
		{31CD6886-55D5-4BC9-BAEC-880F1C8FC847}.Debug|Any CPU.Build.0 = Debug|Any CPU
		{31CD6886-55D5-4BC9-BAEC-880F1C8FC847}.Release|Any CPU.ActiveCfg = Release|Any CPU
		{31CD6886-55D5-4BC9-BAEC-880F1C8FC847}.Release|Any CPU.Build.0 = Release|Any CPU
		{EAAF1EC8-615E-4B36-A73B-1E67C5388D28}.Debug|Any CPU.ActiveCfg = Debug|Any CPU
		{EAAF1EC8-615E-4B36-A73B-1E67C5388D28}.Debug|Any CPU.Build.0 = Debug|Any CPU
		{EAAF1EC8-615E-4B36-A73B-1E67C5388D28}.Release|Any CPU.ActiveCfg = Release|Any CPU
		{EAAF1EC8-615E-4B36-A73B-1E67C5388D28}.Release|Any CPU.Build.0 = Release|Any CPU
	EndGlobalSection
	GlobalSection(SolutionProperties) = preSolution
		HideSolutionNode = FALSE
	EndGlobalSection
	GlobalSection(NestedProjects) = preSolution
		{CF662C89-8E0B-47E5-BF21-8CDEF2377C9A} = {9CE1C129-4CC6-4216-BA19-84184D5B6382}
		{29218E30-B94D-43C5-9863-A761766906FD} = {9CE1C129-4CC6-4216-BA19-84184D5B6382}
		{26BEA59B-51B3-4381-B6F3-1636E0ED5E31} = {9CE1C129-4CC6-4216-BA19-84184D5B6382}
		{E18B72EB-DA0E-4977-84F3-0234F78DF9A5} = {9CE1C129-4CC6-4216-BA19-84184D5B6382}
		{D851D1C4-A713-48EA-972D-04A04981D926} = {F7F6893C-0210-48E6-A232-C60D317971D7}
		{2EB2ED0A-51EA-462E-B2DA-7432FEF88401} = {F7F6893C-0210-48E6-A232-C60D317971D7}
		{31CD6886-55D5-4BC9-BAEC-880F1C8FC847} = {F7F6893C-0210-48E6-A232-C60D317971D7}
		{EAAF1EC8-615E-4B36-A73B-1E67C5388D28} = {F7F6893C-0210-48E6-A232-C60D317971D7}
	EndGlobalSection
EndGlobal
