
Microsoft Visual Studio Solution File, Format Version 12.00
# Visual Studio 15
VisualStudioVersion = 15.0.26228.10
MinimumVisualStudioVersion = 10.0.40219.1
Project("{2150E333-8FDC-42A3-9474-1A3956D46DE8}") = "src", "src", "{4AEE3B7B-B37A-4DFA-A6B4-268556E89D50}"
EndProject
Project("{2150E333-8FDC-42A3-9474-1A3956D46DE8}") = "Solution Items", "Solution Items", "{ADF7F1AD-5679-4976-9B82-37B127E7D8EC}"
EndProject
Project("{9A19103F-16F7-4668-BE54-9A1E7A4F7556}") = "ApiGateway", "src\ApiGateway\ApiGateway.csproj", "{EDA73CFE-EAC7-4382-BA29-62D881C95A26}"
EndProject
Global
	GlobalSection(SolutionConfigurationPlatforms) = preSolution
		Debug|Any CPU = Debug|Any CPU
		Release|Any CPU = Release|Any CPU
	EndGlobalSection
	GlobalSection(ProjectConfigurationPlatforms) = postSolution
		{EDA73CFE-EAC7-4382-BA29-62D881C95A26}.Debug|Any CPU.ActiveCfg = Debug|Any CPU
		{EDA73CFE-EAC7-4382-BA29-62D881C95A26}.Debug|Any CPU.Build.0 = Debug|Any CPU
		{EDA73CFE-EAC7-4382-BA29-62D881C95A26}.Release|Any CPU.ActiveCfg = Release|Any CPU
		{EDA73CFE-EAC7-4382-BA29-62D881C95A26}.Release|Any CPU.Build.0 = Release|Any CPU
	EndGlobalSection
	GlobalSection(SolutionProperties) = preSolution
		HideSolutionNode = FALSE
	EndGlobalSection
	GlobalSection(NestedProjects) = preSolution
		{EDA73CFE-EAC7-4382-BA29-62D881C95A26} = {4AEE3B7B-B37A-4DFA-A6B4-268556E89D50}
	EndGlobalSection
EndGlobal
